{
  "requires": true,
  "lockfileVersion": 1,
  "dependencies": {
    "react_ujs": {
      "version": "2.6.0",
      "resolved": "https://registry.npmjs.org/react_ujs/-/react_ujs-2.6.0.tgz",
      "integrity": "sha512-vNPVjT720+7998ip1SXPPPetQGAgYd1PGDTZTwNC2Qf9/w3O8+bR04mjvO9BTlORab777V9QpeULvgRC22jDrw==",
      "requires": {
        "react_ujs": "^2.6.0"
      }
    }
  }
}
